
Microsoft Visual Studio Solution File, Format Version 12.00
# Visual Studio 15
VisualStudioVersion = 15.0.28307.168
MinimumVisualStudioVersion = 10.0.40219.1
Project("{FAE04EC0-301F-11D3-BF4B-00C04F79EFBC}") = "Exam2", "Exam2\Exam2.csproj", "{CCDC39F9-BD1E-460B-806D-C56057C3B6A7}"
EndProject
Global
	GlobalSection(SolutionConfigurationPlatforms) = preSolution
		Debug|Any CPU = Debug|Any CPU
		Release|Any CPU = Release|Any CPU
	EndGlobalSection
	GlobalSection(ProjectConfigurationPlatforms) = postSolution
		{CCDC39F9-BD1E-460B-806D-C56057C3B6A7}.Debug|Any CPU.ActiveCfg = Debug|Any CPU
		{CCDC39F9-BD1E-460B-806D-C56057C3B6A7}.Debug|Any CPU.Build.0 = Debug|Any CPU
		{CCDC39F9-BD1E-460B-806D-C56057C3B6A7}.Release|Any CPU.ActiveCfg = Release|Any CPU
		{CCDC39F9-BD1E-460B-806D-C56057C3B6A7}.Release|Any CPU.Build.0 = Release|Any CPU
	EndGlobalSection
	GlobalSection(SolutionProperties) = preSolution
		HideSolutionNode = FALSE
	EndGlobalSection
	GlobalSection(ExtensibilityGlobals) = postSolution
		SolutionGuid = {69F92F5E-C91E-40E6-8849-660DEF2F33F2}
	EndGlobalSection
EndGlobal
